name: R48 Update Chain Lock
on:
  push:
    branches:
      - lab/update-origin-canonical-r48
permissions:
  contents: write
jobs:
  lock:
    if: github.actor != 'github-actions[bot]'
    runs-on: ubuntu-latest
    steps:
      - uses: actions/checkout@v4
        with:
          ref: lab/update-origin-canonical-r48
          fetch-depth: 5
      - name: Generate runtime payload lock
        run: node scripts/update-chain-lock.mjs
      - name: Verify runtime payload lock
        run: node scripts/update-chain-gate.mjs
      - name: Register R48 in both roadmaps and commit atomically
        shell: bash
        run: |
          set -euo pipefail
          marker='V407-R48 LAB · actualizador usa origen canónico LAB'
          block=$(cat <<'EOF'
          
          ## V407-R48 LAB · actualizador usa origen canónico LAB · 11 de septiembre de 2026
          
          - Evidencia física: la app instalada en un alias antiguo permaneció en R43 y no detectó R47 aunque `golf-sc-gt-lab.vercel.app/api/release` ya anunciaba R47.
          - Causa confirmada: `update-client-e.js` resolvía `/api/release` y `/app-current-shell.html` contra `location.origin`, por lo que una instalación realizada desde un alias Preview quedaba amarrada a ese origen antiguo/protegido.
          - Corrección R48: el actualizador consulta y descarga siempre desde `https://golf-sc-gt-lab.vercel.app`, independientemente del alias desde el que se instaló originalmente la app.
          - Se conservan sin cambios la persistencia de ronda, almacenamiento local, retiro de caches legacy, botón, verificación de shell y recarga final en el mismo origen instalado.
          - Release R48: `V407-R48-CANONICAL-UPDATER-ORIGIN-20260911`.
          - Archivos funcionales R48: `update-client-e.js`, `api/release.js`, `scripts/apply-update-e.mjs`.
          - MAIN y MAESTRO permanecen intactos. La aceptación final sigue siendo prueba física en el iPhone instalado conservando la ronda.
          EOF
          )
          if ! grep -Fq "$marker" ROADMAP_OVERALL.md; then printf '%s\n' "$block" >> ROADMAP_OVERALL.md; fi
          if ! grep -Fq "$marker" ROADMAP_A_DETALLE.md; then printf '%s\n' "$block" >> ROADMAP_A_DETALLE.md; fi

          git config user.name github-actions[bot]
          git config user.email 41898282+github-actions[bot]@users.noreply.github.com
          git add Intocables/UPDATE_CHAIN_PAYLOAD.lock.json ROADMAP_OVERALL.md ROADMAP_A_DETALLE.md
          git diff --cached --quiet && exit 0
          git commit -m "R48 LAB: atomically seal canonical updater origin and both roadmaps"
          git push origin HEAD:lab/update-origin-canonical-r48
